{
  "name": "vetprovieh-list",
  "version": "0.0.1",
  "lockfileVersion": 1,
  "requires": true,
  "dependencies": {
    "@tomuench/vetprovieh-pager": {
      "version": "0.0.1",
      "resolved": "https://registry.npmjs.org/@tomuench/vetprovieh-pager/-/vetprovieh-pager-0.0.1.tgz",
      "integrity": "sha512-YaIicLFFUBYHfsrQ1QqovJ+AHl2YAXYtpHaZRjMlWq4wgPeN339OhEGpIY21R0a2zTYi/AaHw+7U1Xhki3WDCg=="
    }
  }
}
